
Microsoft Visual Studio Solution File, Format Version 12.00
# Visual Studio Version 16
VisualStudioVersion = 16.0.32901.82
MinimumVisualStudioVersion = 10.0.40219.1
Project("{FAE04EC0-301F-11D3-BF4B-00C04F79EFBC}") = "game", "game.csproj", "{874F1356-076E-43DC-8A58-55D8EA47B2D7}"
EndProject
Global
	GlobalSection(SolutionConfigurationPlatforms) = preSolution
		Debug|Any CPU = Debug|Any CPU
		Release|Any CPU = Release|Any CPU
	EndGlobalSection
	GlobalSection(ProjectConfigurationPlatforms) = postSolution
		{874F1356-076E-43DC-8A58-55D8EA47B2D7}.Debug|Any CPU.ActiveCfg = Debug|Any CPU
		{874F1356-076E-43DC-8A58-55D8EA47B2D7}.Debug|Any CPU.Build.0 = Debug|Any CPU
		{874F1356-076E-43DC-8A58-55D8EA47B2D7}.Release|Any CPU.ActiveCfg = Release|Any CPU
		{874F1356-076E-43DC-8A58-55D8EA47B2D7}.Release|Any CPU.Build.0 = Release|Any CPU
	EndGlobalSection
	GlobalSection(SolutionProperties) = preSolution
		HideSolutionNode = FALSE
	EndGlobalSection
	GlobalSection(ExtensibilityGlobals) = postSolution
		SolutionGuid = {B425DF65-9339-4206-B066-42B8E4A95464}
	EndGlobalSection
EndGlobal
